<Solution>
  <Folder Name="/Solution Items/">
    <File Path=".editorconfig" />
    <File Path="DefaultDocumentation.json" />
    <File Path="Directory.Build.props" />
    <File Path="Directory.Build.targets" />
  </Folder>
  <Project Path="DiGi.GIS.PostgreSQL.UI.Application/DiGi.GIS.PostgreSQL.UI.Application.csproj" />
  <Project Path="DiGi.GIS.PostgreSQL.UI/DiGi.GIS.PostgreSQL.UI.csproj" Id="ce9ceaa3-e36d-4adf-b898-6577158f24aa" />
</Solution>
